
Microsoft Visual Studio Solution File, Format Version 12.00
# Visual Studio 14
VisualStudioVersion = 14.0.24720.0
MinimumVisualStudioVersion = 10.0.40219.1
Project("{FAE04EC0-301F-11D3-BF4B-00C04F79EFBC}") = "AmbientLight_ColorProfileCreator_for_Windows", "AmbientLight_ColorProfileCreator_for_Windows\AmbientLight_ColorProfileCreator_for_Windows.csproj", "{96A1B868-9FC4-4258-823D-5144F7F26A00}"
EndProject
Global
	GlobalSection(SolutionConfigurationPlatforms) = preSolution
		Debug|Any CPU = Debug|Any CPU
		Release|Any CPU = Release|Any CPU
	EndGlobalSection
	GlobalSection(ProjectConfigurationPlatforms) = postSolution
		{96A1B868-9FC4-4258-823D-5144F7F26A00}.Debug|Any CPU.ActiveCfg = Debug|Any CPU
		{96A1B868-9FC4-4258-823D-5144F7F26A00}.Debug|Any CPU.Build.0 = Debug|Any CPU
		{96A1B868-9FC4-4258-823D-5144F7F26A00}.Release|Any CPU.ActiveCfg = Release|Any CPU
		{96A1B868-9FC4-4258-823D-5144F7F26A00}.Release|Any CPU.Build.0 = Release|Any CPU
	EndGlobalSection
	GlobalSection(SolutionProperties) = preSolution
		HideSolutionNode = FALSE
	EndGlobalSection
EndGlobal
